lockfileVersion: '9.0'

settings:
  autoInstallPeers: true
  excludeLinksFromLockfile: false

importers:

  .:
    dependencies:
      '@aws-sdk/client-s3':
        specifier: 3.1109.0
        version: 3.1109.0
      '@mo-gallery/plugin-sdk':
        specifier: file:../../../emulsion-desktop/packages/plugin-sdk
        version: file:../../../emulsion-desktop/packages/plugin-sdk
      '@smithy/node-http-handler':
        specifier: 4.11.2
        version: 4.11.2
    devDependencies:
      '@types/node':
        specifier: 20.19.30
        version: 20.19.30
      esbuild:
        specifier: 0.27.2
        version: 0.27.2
      tsx:
        specifier: 4.21.0
        version: 4.21.0
      typescript:
        specifier: 5.9.3
        version: 5.9.3

packages:

  '@aws-sdk/checksums@3.1000.28':
    resolution: {integrity: sha512-VCpnmyHQ1IH49ni3LXnQj7DPr7rmcJmzYeiCkYdCcfgNtkvOj38cdcL9lapBWoItZWFACJPFJlymqC7/gem3Gw==}
    engines: {node: '>=20.0.0'}

  '@aws-sdk/client-s3@3.1109.0':
    resolution: {integrity: sha512-iPWzBeGkAe5H5+dBBGCOdIT4uMhpu12OK+nFnDzjvOChVnHIws4LeoG7Yl0kJHSRWZnNEkVcF4vQYTJny0e5xA==}
    engines: {node: '>=20.0.0'}

  '@aws-sdk/core@3.977.8':
    resolution: {integrity: sha512-7+Kcrkvrk9lM/m7jRhHpT4jCdvzGHsuaSRbF8TdzzkY1mRzp/Ogwf9c7H29k4gGhey0BBWhCWr16+t0J61gwmg==}
    engines: {node: '>=20.0.0'}

  '@aws-sdk/credential-provider-env@3.972.69':
    resolution: {integrity: sha512-AreCFzcB4kH2HF9031Ot0jSJr3KXvRg6e8uDeub20JEVdZU3Bv0sTq1plc7VsT3KiqutlzH7l0j50UcCWHUioA==}
    engines: {node: '>=20.0.0'}

  '@aws-sdk/credential-provider-http@3.972.71':
    resolution: {integrity: sha512-A8ObcqVmDMnk4F9NozZ7JwmUu9Q4xyBJkmyq1C5U+wNM9ht9J7+EuuyabsLWXZnOoTqFaJuYBYTKf5CTipkEjA==}
    engines: {node: '>=20.0.0'}

  '@aws-sdk/credential-provider-ini@3.973.14':
    resolution: {integrity: sha512-7c+Wti2LsERNWMfm7ySz3/6RPopFW3Nmn7s63Xpcq6R/tRuY5hpvkHA2xVgi5ukJbvok9l0IDtVEvqTtg+X7dw==}
    engines: {node: '>=20.0.0'}

  '@aws-sdk/credential-provider-login@3.972.76':
    resolution: {integrity: sha512-LVixwOnEJfrrfKHeZjBA8pIMTZjNDq8ak8VpcoWUuCJDrSnBNU8POJksULMgvN089P0MXtQYH2Zs627/MK1K0g==}
    engines: {node: '>=20.0.0'}

  '@aws-sdk/credential-provider-node@3.972.80':
    resolution: {integrity: sha512-bE2qh8ww4iClO1jHsBXdOE8FUgzDbdxbyorNjSCoPSkQd51k3jODItuPZfuwcLHZqDXsH+bI4AMHhqtuyR7mSg==}
    engines: {node: '>=20.0.0'}

  '@aws-sdk/credential-provider-process@3.972.69':
    resolution: {integrity: sha512-9kpTNdZTrcqXTfhxM7fgl9Z68ek3Fu5oe3Yf+A/pJGibEqpgZxz2tSY7SinmyCIU2PJ+ygY4FPoBBnLpocMtrQ==}
    engines: {node: '>=20.0.0'}

  '@aws-sdk/credential-provider-sso@3.973.13':
    resolution: {integrity: sha512-Oc81qauMPzUoTnAS2YKpNwY6sY/LUyQTEeaf6yP197WMxkEBQfcKLR1MFpD7+pNTubXnfkH6gwpji+Gc7iyD2Q==}
    engines: {node: '>=20.0.0'}

  '@aws-sdk/credential-provider-web-identity@3.972.75':
    resolution: {integrity: sha512-YPN6uoGDgjjjeVFZrcOeCJqmB6zpXoeeNgIjqe+DexJaWqdjVfCCe+VAZwli9Z2h8KhFW8oxkO39emQ1tyz/Mw==}
    engines: {node: '>=20.0.0'}

  '@aws-sdk/middleware-sdk-s3@3.972.74':
    resolution: {integrity: sha512-2lzoV2z2QO5KJZYGOCnIZ1WVQgzMECvwuzr1xb034a++8QW4U4eGrmC2u4yg1xvNv4TLL/Uv5DLyuAiw0b9z7Q==}
    engines: {node: '>=20.0.0'}

  '@aws-sdk/nested-clients@3.997.43':
    resolution: {integrity: sha512-bit+VpqWNyi3wHxFoTsTliNXimCSL2r2OeDTm7ZrG+YsTZ2D7ofDJ6r/t9PVBn80i6/v0X2h9Tgw6QP2MAKfPw==}
    engines: {node: '>=20.0.0'}

  '@aws-sdk/signature-v4-multi-region@3.996.45':
    resolution: {integrity: sha512-bBuyztukzXq6plzFGHAWiQt0QXo+HL8b8lX5cFTzkez/74PtS1c0qPFCIVuHkyoT+miH2qOjAcm1/yoro2ESPA==}
    engines: {node: '>=20.0.0'}

  '@aws-sdk/token-providers@3.1111.0':
    resolution: {integrity: sha512-JfljgoVtl+s3Qy21n9a7Z48uCQaOXcN74KJ3TEQfPoB293GrXFSt6HSQJF1sTZ8c/5QedEvd3NjJQMO4u9qa5A==}
    engines: {node: '>=20.0.0'}

  '@aws-sdk/types@3.974.4':
    resolution: {integrity: sha512-dSFDNG00MEz0/xl5gxL62giLd1iYyJsTxZ1I1DOj6lC+bbgLB4TRsYClJg3b62dhXT1uATzsTNXPnC+33EJV3A==}
    engines: {node: '>=20.0.0'}

  '@aws-sdk/xml-builder@3.972.39':
    resolution: {integrity: sha512-FTti8DS5MMWXNUWiRwXAJeYS+0GHHiMy0+7XOhcwk63ILHmfS2UFy2z/HNpZCSOJJ3P3dnWY6hfYNW3DF0nXUA==}
    engines: {node: '>=20.0.0'}

  '@aws/lambda-invoke-store@0.3.0':
    resolution: {integrity: sha512-sl4Bm6yiMNYrZKkqqDFWN0UfnWhlS8ivKxrYl+6t0gCLrqr8y3B2IqZZbFRkfaVVp7C/baApyh71P+LeE1A2sQ==}
    engines: {node: '>=18.0.0'}

  '@esbuild/aix-ppc64@0.27.2':
    resolution: {integrity: sha512-GZMB+a0mOMZs4MpDbj8RJp4cw+w1WV5NYD6xzgvzUJ5Ek2jerwfO2eADyI6ExDSUED+1X8aMbegahsJi+8mgpw==}
    engines: {node: '>=18'}
    cpu: [ppc64]
    os: [aix]

  '@esbuild/android-arm64@0.27.2':
    resolution: {integrity: sha512-pvz8ZZ7ot/RBphf8fv60ljmaoydPU12VuXHImtAs0XhLLw+EXBi2BLe3OYSBslR4rryHvweW5gmkKFwTiFy6KA==}
    engines: {node: '>=18'}
    cpu: [arm64]
    os: [android]

  '@esbuild/android-arm@0.27.2':
    resolution: {integrity: sha512-DVNI8jlPa7Ujbr1yjU2PfUSRtAUZPG9I1RwW4F4xFB1Imiu2on0ADiI/c3td+KmDtVKNbi+nffGDQMfcIMkwIA==}
    engines: {node: '>=18'}
    cpu: [arm]
    os: [android]

  '@esbuild/android-x64@0.27.2':
    resolution: {integrity: sha512-z8Ank4Byh4TJJOh4wpz8g2vDy75zFL0TlZlkUkEwYXuPSgX8yzep596n6mT7905kA9uHZsf/o2OJZubl2l3M7A==}
    engines: {node: '>=18'}
    cpu: [x64]
    os: [android]

  '@esbuild/darwin-arm64@0.27.2':
    resolution: {integrity: sha512-davCD2Zc80nzDVRwXTcQP/28fiJbcOwvdolL0sOiOsbwBa72kegmVU0Wrh1MYrbuCL98Omp5dVhQFWRKR2ZAlg==}
    engines: {node: '>=18'}
    cpu: [arm64]
    os: [darwin]

  '@esbuild/darwin-x64@0.27.2':
    resolution: {integrity: sha512-ZxtijOmlQCBWGwbVmwOF/UCzuGIbUkqB1faQRf5akQmxRJ1ujusWsb3CVfk/9iZKr2L5SMU5wPBi1UWbvL+VQA==}
    engines: {node: '>=18'}
    cpu: [x64]
    os: [darwin]

  '@esbuild/freebsd-arm64@0.27.2':
    resolution: {integrity: sha512-lS/9CN+rgqQ9czogxlMcBMGd+l8Q3Nj1MFQwBZJyoEKI50XGxwuzznYdwcav6lpOGv5BqaZXqvBSiB/kJ5op+g==}
    engines: {node: '>=18'}
    cpu: [arm64]
    os: [freebsd]

  '@esbuild/freebsd-x64@0.27.2':
    resolution: {integrity: sha512-tAfqtNYb4YgPnJlEFu4c212HYjQWSO/w/h/lQaBK7RbwGIkBOuNKQI9tqWzx7Wtp7bTPaGC6MJvWI608P3wXYA==}
    engines: {node: '>=18'}
    cpu: [x64]
    os: [freebsd]

  '@esbuild/linux-arm64@0.27.2':
    resolution: {integrity: sha512-hYxN8pr66NsCCiRFkHUAsxylNOcAQaxSSkHMMjcpx0si13t1LHFphxJZUiGwojB1a/Hd5OiPIqDdXONia6bhTw==}
    engines: {node: '>=18'}
    cpu: [arm64]
    os: [linux]

  '@esbuild/linux-arm@0.27.2':
    resolution: {integrity: sha512-vWfq4GaIMP9AIe4yj1ZUW18RDhx6EPQKjwe7n8BbIecFtCQG4CfHGaHuh7fdfq+y3LIA2vGS/o9ZBGVxIDi9hw==}
    engines: {node: '>=18'}
    cpu: [arm]
    os: [linux]

  '@esbuild/linux-ia32@0.27.2':
    resolution: {integrity: sha512-MJt5BRRSScPDwG2hLelYhAAKh9imjHK5+NE/tvnRLbIqUWa+0E9N4WNMjmp/kXXPHZGqPLxggwVhz7QP8CTR8w==}
    engines: {node: '>=18'}
    cpu: [ia32]
    os: [linux]

  '@esbuild/linux-loong64@0.27.2':
    resolution: {integrity: sha512-lugyF1atnAT463aO6KPshVCJK5NgRnU4yb3FUumyVz+cGvZbontBgzeGFO1nF+dPueHD367a2ZXe1NtUkAjOtg==}
    engines: {node: '>=18'}
    cpu: [loong64]
    os: [linux]

  '@esbuild/linux-mips64el@0.27.2':
    resolution: {integrity: sha512-nlP2I6ArEBewvJ2gjrrkESEZkB5mIoaTswuqNFRv/WYd+ATtUpe9Y09RnJvgvdag7he0OWgEZWhviS1OTOKixw==}
    engines: {node: '>=18'}
    cpu: [mips64el]
    os: [linux]

  '@esbuild/linux-ppc64@0.27.2':
    resolution: {integrity: sha512-C92gnpey7tUQONqg1n6dKVbx3vphKtTHJaNG2Ok9lGwbZil6DrfyecMsp9CrmXGQJmZ7iiVXvvZH6Ml5hL6XdQ==}
    engines: {node: '>=18'}
    cpu: [ppc64]
    os: [linux]

  '@esbuild/linux-riscv64@0.27.2':
    resolution: {integrity: sha512-B5BOmojNtUyN8AXlK0QJyvjEZkWwy/FKvakkTDCziX95AowLZKR6aCDhG7LeF7uMCXEJqwa8Bejz5LTPYm8AvA==}
    engines: {node: '>=18'}
    cpu: [riscv64]
    os: [linux]

  '@esbuild/linux-s390x@0.27.2':
    resolution: {integrity: sha512-p4bm9+wsPwup5Z8f4EpfN63qNagQ47Ua2znaqGH6bqLlmJ4bx97Y9JdqxgGZ6Y8xVTixUnEkoKSHcpRlDnNr5w==}
    engines: {node: '>=18'}
    cpu: [s390x]
    os: [linux]

  '@esbuild/linux-x64@0.27.2':
    resolution: {integrity: sha512-uwp2Tip5aPmH+NRUwTcfLb+W32WXjpFejTIOWZFw/v7/KnpCDKG66u4DLcurQpiYTiYwQ9B7KOeMJvLCu/OvbA==}
    engines: {node: '>=18'}
    cpu: [x64]
    os: [linux]

  '@esbuild/netbsd-arm64@0.27.2':
    resolution: {integrity: sha512-Kj6DiBlwXrPsCRDeRvGAUb/LNrBASrfqAIok+xB0LxK8CHqxZ037viF13ugfsIpePH93mX7xfJp97cyDuTZ3cw==}
    engines: {node: '>=18'}
    cpu: [arm64]
    os: [netbsd]

  '@esbuild/netbsd-x64@0.27.2':
    resolution: {integrity: sha512-HwGDZ0VLVBY3Y+Nw0JexZy9o/nUAWq9MlV7cahpaXKW6TOzfVno3y3/M8Ga8u8Yr7GldLOov27xiCnqRZf0tCA==}
    engines: {node: '>=18'}
    cpu: [x64]
    os: [netbsd]

  '@esbuild/openbsd-arm64@0.27.2':
    resolution: {integrity: sha512-DNIHH2BPQ5551A7oSHD0CKbwIA/Ox7+78/AWkbS5QoRzaqlev2uFayfSxq68EkonB+IKjiuxBFoV8ESJy8bOHA==}
    engines: {node: '>=18'}
    cpu: [arm64]
    os: [openbsd]

  '@esbuild/openbsd-x64@0.27.2':
    resolution: {integrity: sha512-/it7w9Nb7+0KFIzjalNJVR5bOzA9Vay+yIPLVHfIQYG/j+j9VTH84aNB8ExGKPU4AzfaEvN9/V4HV+F+vo8OEg==}
    engines: {node: '>=18'}
    cpu: [x64]
    os: [openbsd]

  '@esbuild/openharmony-arm64@0.27.2':
    resolution: {integrity: sha512-LRBbCmiU51IXfeXk59csuX/aSaToeG7w48nMwA6049Y4J4+VbWALAuXcs+qcD04rHDuSCSRKdmY63sruDS5qag==}
    engines: {node: '>=18'}
    cpu: [arm64]
    os: [openharmony]

  '@esbuild/sunos-x64@0.27.2':
    resolution: {integrity: sha512-kMtx1yqJHTmqaqHPAzKCAkDaKsffmXkPHThSfRwZGyuqyIeBvf08KSsYXl+abf5HDAPMJIPnbBfXvP2ZC2TfHg==}
    engines: {node: '>=18'}
    cpu: [x64]
    os: [sunos]

  '@esbuild/win32-arm64@0.27.2':
    resolution: {integrity: sha512-Yaf78O/B3Kkh+nKABUF++bvJv5Ijoy9AN1ww904rOXZFLWVc5OLOfL56W+C8F9xn5JQZa3UX6m+IktJnIb1Jjg==}
    engines: {node: '>=18'}
    cpu: [arm64]
    os: [win32]

  '@esbuild/win32-ia32@0.27.2':
    resolution: {integrity: sha512-Iuws0kxo4yusk7sw70Xa2E2imZU5HoixzxfGCdxwBdhiDgt9vX9VUCBhqcwY7/uh//78A1hMkkROMJq9l27oLQ==}
    engines: {node: '>=18'}
    cpu: [ia32]
    os: [win32]

  '@esbuild/win32-x64@0.27.2':
    resolution: {integrity: sha512-sRdU18mcKf7F+YgheI/zGf5alZatMUTKj/jNS6l744f9u3WFu4v7twcUI9vu4mknF4Y9aDlblIie0IM+5xxaqQ==}
    engines: {node: '>=18'}
    cpu: [x64]
    os: [win32]

  '@mo-gallery/plugin-sdk@file:../../../emulsion-desktop/packages/plugin-sdk':
    resolution: {directory: ../../../emulsion-desktop/packages/plugin-sdk, type: directory}
    engines: {node: '>=20'}

  '@smithy/core@3.33.2':
    resolution: {integrity: sha512-CUGXpnPkVdjUCbix+83sWLW9VFgQOm44MDOx/ihITJMAnOZKvL8YYIc7DR9pP/tZ8CIRvMiON/TucvygqbHO3w==}
    engines: {node: '>=18.0.0'}

  '@smithy/credential-provider-imds@4.5.2':
    resolution: {integrity: sha512-A9uSdn72ozbRUSit0eib0TW7nXuNPlaeM0zcGkJ+nE6tFcSDbnmtwoxbTCFBukVQcszDAyvsd7+rTduPTXpygg==}
    engines: {node: '>=18.0.0'}

  '@smithy/fetch-http-handler@5.7.2':
    resolution: {integrity: sha512-nZyWTmSpJEXl6VtWVMBJve/7x12DZu6sIX1z1a+ZMaHlQQRs9Zpu6NbTe/gmxYXVRpkjxyDYpZ5gx2IM6f/Wkw==}
    engines: {node: '>=18.0.0'}

  '@smithy/node-http-handler@4.11.2':
    resolution: {integrity: sha512-avwAh9HM3h2lcfjvP3zYIZGf+XVgLQ91wOJ2qoFbNpW1UZeZb33aGlhTZvtkANHfcGhJroRY64525OjfgOg30g==}
    engines: {node: '>=18.0.0'}

  '@smithy/signature-v4@5.7.2':
    resolution: {integrity: sha512-P7Ki6px6OOrxVtx8K7nLmyx4SlXUW/uTKDdMG44UHefmPGSRMBKe2v+TM59WdLcpUIrBrnuCsIqiM2MbsZjmhw==}
    engines: {node: '>=18.0.0'}

  '@smithy/types@4.17.2':
    resolution: {integrity: sha512-FOKpVZob9MPTn2znRzGrnsMHv7BOsKVw3XiP/cOyYLDVZ9qKp4nifIiSCuUU/fIj5Vu0UOAxCFr+qRAtG0NUkA==}
    engines: {node: '>=18.0.0'}

  '@types/node@20.19.30':
    resolution: {integrity: sha512-WJtwWJu7UdlvzEAUm484QNg5eAoq5QR08KDNx7g45Usrs2NtOPiX8ugDqmKdXkyL03rBqU5dYNYVQetEpBHq2g==}

  bowser@2.14.1:
    resolution: {integrity: sha512-tzPjzCxygAKWFOJP011oxFHs57HzIhOEracIgAePE4pqB3LikALKnSzUyU4MGs9/iCEUuHlAJTjTc5M+u7YEGg==}

  esbuild@0.27.2:
    resolution: {integrity: sha512-HyNQImnsOC7X9PMNaCIeAm4ISCQXs5a5YasTXVliKv4uuBo1dKrG0A+uQS8M5eXjVMnLg3WgXaKvprHlFJQffw==}
    engines: {node: '>=18'}
    hasBin: true

  fsevents@2.3.3:
    resolution: {integrity: sha512-5xoDfX+fL7faATnagmWPpbFtwh/R77WmMMqqHGS65C3vvB0YHrgF+B1YmZ3441tMj5n63k0212XNoJwzlhffQw==}
    engines: {node: ^8.16.0 || ^10.6.0 || >=11.0.0}
    os: [darwin]

  get-tsconfig@4.14.2:
    resolution: {integrity: sha512-XpwZALwwl/BaKTAyC6+c5T8y6kCg2jk+XGqOVrKIQmW49pNypYLMRjCUXqa28tQgJlhS2RlzP7sc+Rx7W6qsfw==}

  resolve-pkg-maps@1.0.0:
    resolution: {integrity: sha512-seS2Tj26TBVOC2NIc2rOe2y2ZO7efxITtLZcGSOnHHNOQ7CkiUBfw0Iw2ck6xkIhPwLhKNLS8BO+hEpngQlqzw==}

  tslib@2.8.1:
    resolution: {integrity: sha512-oJFu94HQb+KVduSUQL7wnpmqnfmLsOA/nAh6b6EH0wCEoK0/mPeXU6c3wKDV83MkOuHPRHtSXKKU99IBazS/2w==}

  tsx@4.21.0:
    resolution: {integrity: sha512-5C1sg4USs1lfG0GFb2RLXsdpXqBSEhAaA/0kPL01wxzpMqLILNxIxIOKiILz+cdg/pLnOUxFYOR5yhHU666wbw==}
    engines: {node: '>=18.0.0'}
    hasBin: true

  typescript@5.9.3:
    resolution: {integrity: sha512-jl1vZzPDinLr9eUt3J/t7V6FgNEw9QjvBPdysz9KfQDD41fQrC2Y4vKQdiaUpFT4bXlb1RHhLpp8wtm6M5TgSw==}
    engines: {node: '>=14.17'}
    hasBin: true

  undici-types@6.21.0:
    resolution: {integrity: sha512-iwDZqg0QAGrg9Rav5H4n0M64c3mkR59cJ6wQp+7C4nI0gsmExaedaYLNO44eT4AtBBwjbTiGPMlt2Md0T9H9JQ==}

snapshots:

  '@aws-sdk/checksums@3.1000.28':
    dependencies:
      '@aws-sdk/core': 3.977.8
      '@aws-sdk/types': 3.974.4
      '@smithy/core': 3.33.2
      '@smithy/types': 4.17.2
      tslib: 2.8.1

  '@aws-sdk/client-s3@3.1109.0':
    dependencies:
      '@aws-sdk/checksums': 3.1000.28
      '@aws-sdk/core': 3.977.8
      '@aws-sdk/credential-provider-node': 3.972.80
      '@aws-sdk/middleware-sdk-s3': 3.972.74
      '@aws-sdk/signature-v4-multi-region': 3.996.45
      '@aws-sdk/types': 3.974.4
      '@smithy/core': 3.33.2
      '@smithy/fetch-http-handler': 5.7.2
      '@smithy/node-http-handler': 4.11.2
      '@smithy/types': 4.17.2
      tslib: 2.8.1

  '@aws-sdk/core@3.977.8':
    dependencies:
      '@aws-sdk/types': 3.974.4
      '@aws-sdk/xml-builder': 3.972.39
      '@aws/lambda-invoke-store': 0.3.0
      '@smithy/core': 3.33.2
      '@smithy/signature-v4': 5.7.2
      '@smithy/types': 4.17.2
      bowser: 2.14.1
      tslib: 2.8.1

  '@aws-sdk/credential-provider-env@3.972.69':
    dependencies:
      '@aws-sdk/core': 3.977.8
      '@aws-sdk/types': 3.974.4
      '@smithy/core': 3.33.2
      '@smithy/types': 4.17.2
      tslib: 2.8.1

  '@aws-sdk/credential-provider-http@3.972.71':
    dependencies:
      '@aws-sdk/core': 3.977.8
      '@aws-sdk/types': 3.974.4
      '@smithy/core': 3.33.2
      '@smithy/fetch-http-handler': 5.7.2
      '@smithy/node-http-handler': 4.11.2
      '@smithy/types': 4.17.2
      tslib: 2.8.1

  '@aws-sdk/credential-provider-ini@3.973.14':
    dependencies:
      '@aws-sdk/core': 3.977.8
      '@aws-sdk/credential-provider-env': 3.972.69
      '@aws-sdk/credential-provider-http': 3.972.71
      '@aws-sdk/credential-provider-login': 3.972.76
      '@aws-sdk/credential-provider-process': 3.972.69
      '@aws-sdk/credential-provider-sso': 3.973.13
      '@aws-sdk/credential-provider-web-identity': 3.972.75
      '@aws-sdk/nested-clients': 3.997.43
      '@aws-sdk/types': 3.974.4
      '@smithy/core': 3.33.2
      '@smithy/credential-provider-imds': 4.5.2
      '@smithy/types': 4.17.2
      tslib: 2.8.1

  '@aws-sdk/credential-provider-login@3.972.76':
    dependencies:
      '@aws-sdk/core': 3.977.8
      '@aws-sdk/nested-clients': 3.997.43
      '@aws-sdk/types': 3.974.4
      '@smithy/core': 3.33.2
      '@smithy/types': 4.17.2
      tslib: 2.8.1

  '@aws-sdk/credential-provider-node@3.972.80':
    dependencies:
      '@aws-sdk/credential-provider-env': 3.972.69
      '@aws-sdk/credential-provider-http': 3.972.71
      '@aws-sdk/credential-provider-ini': 3.973.14
      '@aws-sdk/credential-provider-process': 3.972.69
      '@aws-sdk/credential-provider-sso': 3.973.13
      '@aws-sdk/credential-provider-web-identity': 3.972.75
      '@aws-sdk/types': 3.974.4
      '@smithy/core': 3.33.2
      '@smithy/credential-provider-imds': 4.5.2
      '@smithy/types': 4.17.2
      tslib: 2.8.1

  '@aws-sdk/credential-provider-process@3.972.69':
    dependencies:
      '@aws-sdk/core': 3.977.8
      '@aws-sdk/types': 3.974.4
      '@smithy/core': 3.33.2
      '@smithy/types': 4.17.2
      tslib: 2.8.1

  '@aws-sdk/credential-provider-sso@3.973.13':
    dependencies:
      '@aws-sdk/core': 3.977.8
      '@aws-sdk/nested-clients': 3.997.43
      '@aws-sdk/token-providers': 3.1111.0
      '@aws-sdk/types': 3.974.4
      '@smithy/core': 3.33.2
      '@smithy/types': 4.17.2
      tslib: 2.8.1

  '@aws-sdk/credential-provider-web-identity@3.972.75':
    dependencies:
      '@aws-sdk/core': 3.977.8
      '@aws-sdk/nested-clients': 3.997.43
      '@aws-sdk/types': 3.974.4
      '@smithy/core': 3.33.2
      '@smithy/types': 4.17.2
      tslib: 2.8.1

  '@aws-sdk/middleware-sdk-s3@3.972.74':
    dependencies:
      '@aws-sdk/core': 3.977.8
      '@aws-sdk/signature-v4-multi-region': 3.996.45
      '@aws-sdk/types': 3.974.4
      '@smithy/core': 3.33.2
      '@smithy/types': 4.17.2
      tslib: 2.8.1

  '@aws-sdk/nested-clients@3.997.43':
    dependencies:
      '@aws-sdk/core': 3.977.8
      '@aws-sdk/signature-v4-multi-region': 3.996.45
      '@aws-sdk/types': 3.974.4
      '@smithy/core': 3.33.2
      '@smithy/fetch-http-handler': 5.7.2
      '@smithy/node-http-handler': 4.11.2
      '@smithy/types': 4.17.2
      tslib: 2.8.1

  '@aws-sdk/signature-v4-multi-region@3.996.45':
    dependencies:
      '@aws-sdk/types': 3.974.4
      '@smithy/signature-v4': 5.7.2
      '@smithy/types': 4.17.2
      tslib: 2.8.1

  '@aws-sdk/token-providers@3.1111.0':
    dependencies:
      '@aws-sdk/core': 3.977.8
      '@aws-sdk/nested-clients': 3.997.43
      '@aws-sdk/types': 3.974.4
      '@smithy/core': 3.33.2
      '@smithy/types': 4.17.2
      tslib: 2.8.1

  '@aws-sdk/types@3.974.4':
    dependencies:
      '@smithy/types': 4.17.2
      tslib: 2.8.1

  '@aws-sdk/xml-builder@3.972.39':
    dependencies:
      '@smithy/types': 4.17.2
      tslib: 2.8.1

  '@aws/lambda-invoke-store@0.3.0': {}

  '@esbuild/aix-ppc64@0.27.2':
    optional: true

  '@esbuild/android-arm64@0.27.2':
    optional: true

  '@esbuild/android-arm@0.27.2':
    optional: true

  '@esbuild/android-x64@0.27.2':
    optional: true

  '@esbuild/darwin-arm64@0.27.2':
    optional: true

  '@esbuild/darwin-x64@0.27.2':
    optional: true

  '@esbuild/freebsd-arm64@0.27.2':
    optional: true

  '@esbuild/freebsd-x64@0.27.2':
    optional: true

  '@esbuild/linux-arm64@0.27.2':
    optional: true

  '@esbuild/linux-arm@0.27.2':
    optional: true

  '@esbuild/linux-ia32@0.27.2':
    optional: true

  '@esbuild/linux-loong64@0.27.2':
    optional: true

  '@esbuild/linux-mips64el@0.27.2':
    optional: true

  '@esbuild/linux-ppc64@0.27.2':
    optional: true

  '@esbuild/linux-riscv64@0.27.2':
    optional: true

  '@esbuild/linux-s390x@0.27.2':
    optional: true

  '@esbuild/linux-x64@0.27.2':
    optional: true

  '@esbuild/netbsd-arm64@0.27.2':
    optional: true

  '@esbuild/netbsd-x64@0.27.2':
    optional: true

  '@esbuild/openbsd-arm64@0.27.2':
    optional: true

  '@esbuild/openbsd-x64@0.27.2':
    optional: true

  '@esbuild/openharmony-arm64@0.27.2':
    optional: true

  '@esbuild/sunos-x64@0.27.2':
    optional: true

  '@esbuild/win32-arm64@0.27.2':
    optional: true

  '@esbuild/win32-ia32@0.27.2':
    optional: true

  '@esbuild/win32-x64@0.27.2':
    optional: true

  '@mo-gallery/plugin-sdk@file:../../../emulsion-desktop/packages/plugin-sdk': {}

  '@smithy/core@3.33.2':
    dependencies:
      '@smithy/types': 4.17.2
      tslib: 2.8.1

  '@smithy/credential-provider-imds@4.5.2':
    dependencies:
      '@smithy/core': 3.33.2
      '@smithy/types': 4.17.2
      tslib: 2.8.1

  '@smithy/fetch-http-handler@5.7.2':
    dependencies:
      '@smithy/core': 3.33.2
      '@smithy/types': 4.17.2
      tslib: 2.8.1

  '@smithy/node-http-handler@4.11.2':
    dependencies:
      '@smithy/core': 3.33.2
      '@smithy/types': 4.17.2
      tslib: 2.8.1

  '@smithy/signature-v4@5.7.2':
    dependencies:
      '@smithy/core': 3.33.2
      '@smithy/types': 4.17.2
      tslib: 2.8.1

  '@smithy/types@4.17.2':
    dependencies:
      tslib: 2.8.1

  '@types/node@20.19.30':
    dependencies:
      undici-types: 6.21.0

  bowser@2.14.1: {}

  esbuild@0.27.2:
    optionalDependencies:
      '@esbuild/aix-ppc64': 0.27.2
      '@esbuild/android-arm': 0.27.2
      '@esbuild/android-arm64': 0.27.2
      '@esbuild/android-x64': 0.27.2
      '@esbuild/darwin-arm64': 0.27.2
      '@esbuild/darwin-x64': 0.27.2
      '@esbuild/freebsd-arm64': 0.27.2
      '@esbuild/freebsd-x64': 0.27.2
      '@esbuild/linux-arm': 0.27.2
      '@esbuild/linux-arm64': 0.27.2
      '@esbuild/linux-ia32': 0.27.2
      '@esbuild/linux-loong64': 0.27.2
      '@esbuild/linux-mips64el': 0.27.2
      '@esbuild/linux-ppc64': 0.27.2
      '@esbuild/linux-riscv64': 0.27.2
      '@esbuild/linux-s390x': 0.27.2
      '@esbuild/linux-x64': 0.27.2
      '@esbuild/netbsd-arm64': 0.27.2
      '@esbuild/netbsd-x64': 0.27.2
      '@esbuild/openbsd-arm64': 0.27.2
      '@esbuild/openbsd-x64': 0.27.2
      '@esbuild/openharmony-arm64': 0.27.2
      '@esbuild/sunos-x64': 0.27.2
      '@esbuild/win32-arm64': 0.27.2
      '@esbuild/win32-ia32': 0.27.2
      '@esbuild/win32-x64': 0.27.2

  fsevents@2.3.3:
    optional: true

  get-tsconfig@4.14.2:
    dependencies:
      resolve-pkg-maps: 1.0.0

  resolve-pkg-maps@1.0.0: {}

  tslib@2.8.1: {}

  tsx@4.21.0:
    dependencies:
      esbuild: 0.27.2
      get-tsconfig: 4.14.2
    optionalDependencies:
      fsevents: 2.3.3

  typescript@5.9.3: {}

  undici-types@6.21.0: {}
